// !$*UTF8*$!
{
	archiveVersion = 1;
	classes = {
	};
	objectVersion = 46;
	objects = {

/* Begin PBXBuildFile section */
		7D53EB6E1CDB24C400274D18 /* main.m in Sources */ = {isa = PBXBuildFile; fileRef = 7D53EB6D1CDB24C400274D18 /* main.m */; };
		7D53EB711CDB24C400274D18 /* AppDelegate.m in Sources */ = {isa = PBXBuildFile; fileRef = 7D53EB701CDB24C400274D18 /* AppDelegate.m */; };
		7D53EB771CDB24C400274D18 /* Main.storyboard in Resources */ = {isa = PBXBuildFile; fileRef = 7D53EB751CDB24C400274D18 /* Main.storyboard */; };
		7D53EB791CDB24C400274D18 /* Assets.xcassets in Resources */ = {isa = PBXBuildFile; fileRef = 7D53EB781CDB24C400274D18 /* Assets.xcassets */; };
		7D53EB7C1CDB24C400274D18 /* LaunchScreen.storyboard in Resources */ = {isa = PBXBuildFile; fileRef = 7D53EB7A1CDB24C400274D18 /* LaunchScreen.storyboard */; };
		7D53EB981CDB254300274D18 /* LICENSE in Resources */ = {isa = PBXBuildFile; fileRef = 7D53EB931CDB254300274D18 /* LICENSE */; };
		7D53EB991CDB254300274D18 /* MGJRouter.m in Sources */ = {isa = PBXBuildFile; fileRef = 7D53EB961CDB254300274D18 /* MGJRouter.m */; };
		7D53EB9A1CDB254300274D18 /* README.md in Sources */ = {isa = PBXBuildFile; fileRef = 7D53EB971CDB254300274D18 /* README.md */; };
		7D53EBA41CDB2A0C00274D18 /* NDURLConfiguration.plist in Resources */ = {isa = PBXBuildFile; fileRef = 7D53EBA31CDB2A0C00274D18 /* NDURLConfiguration.plist */; };
		7D53EBCF1CDC7EB600274D18 /* NSObject+YYModel.m in Sources */ = {isa = PBXBuildFile; fileRef = 7D53EBCB1CDC7EB600274D18 /* NSObject+YYModel.m */; };
		7D53EBD01CDC7EB600274D18 /* YYClassInfo.m in Sources */ = {isa = PBXBuildFile; fileRef = 7D53EBCD1CDC7EB600274D18 /* YYClassInfo.m */; };
		7DABB7CD1CE1C1D300CD6F36 /* SecondDemoViewController.m in Sources */ = {isa = PBXBuildFile; fileRef = 7DABB7CC1CE1C1D300CD6F36 /* SecondDemoViewController.m */; };
		7DE8668E1CE0276700CC2134 /* NDURLConfigurableInterceptor.m in Sources */ = {isa = PBXBuildFile; fileRef = 7DE8667C1CE0276700CC2134 /* NDURLConfigurableInterceptor.m */; };
		7DE8668F1CE0276700CC2134 /* NDURLHandler.m in Sources */ = {isa = PBXBuildFile; fileRef = 7DE8667E1CE0276700CC2134 /* NDURLHandler.m */; };
		7DE866901CE0276700CC2134 /* NDURLInput.m in Sources */ = {isa = PBXBuildFile; fileRef = 7DE866801CE0276700CC2134 /* NDURLInput.m */; };
		7DE866911CE0276700CC2134 /* NDURLInterceptor.m in Sources */ = {isa = PBXBuildFile; fileRef = 7DE866821CE0276700CC2134 /* NDURLInterceptor.m */; };
		7DE866921CE0276700CC2134 /* NDURLManager.m in Sources */ = {isa = PBXBuildFile; fileRef = 7DE866841CE0276700CC2134 /* NDURLManager.m */; };
		7DE866931CE0276700CC2134 /* NDURLOpenOptions.m in Sources */ = {isa = PBXBuildFile; fileRef = 7DE866861CE0276700CC2134 /* NDURLOpenOptions.m */; };
		7DE866941CE0276700CC2134 /* NDURLResult.m in Sources */ = {isa = PBXBuildFile; fileRef = 7DE866881CE0276700CC2134 /* NDURLResult.m */; };
		7DE866951CE0276700CC2134 /* NDURLRouter.m in Sources */ = {isa = PBXBuildFile; fileRef = 7DE8668A1CE0276700CC2134 /* NDURLRouter.m */; };
		7DE866961CE0276700CC2134 /* UIViewController+NDURLRouter.m in Sources */ = {isa = PBXBuildFile; fileRef = 7DE8668D1CE0276700CC2134 /* UIViewController+NDURLRouter.m */; };
		7DE8669C1CE08A5300CC2134 /* NDURLRouterDemoTableViewController.m in Sources */ = {isa = PBXBuildFile; fileRef = 7DE8669B1CE08A5300CC2134 /* NDURLRouterDemoTableViewController.m */; };
		7DE866A01CE08B9700CC2134 /* NormalDemoTableViewController.m in Sources */ = {isa = PBXBuildFile; fileRef = 7DE8669F1CE08B9700CC2134 /* NormalDemoTableViewController.m */; };
		7DE866A41CE08DD400CC2134 /* FirstDemoViewController.m in Sources */ = {isa = PBXBuildFile; fileRef = 7DE866A31CE08DD400CC2134 /* FirstDemoViewController.m */; };
/* End PBXBuildFile section */

/* Begin PBXFileReference section */
		7D53EB691CDB24C300274D18 /* NDURLRouter.app */ = {isa = PBXFileReference; explicitFileType = wrapper.application; includeInIndex = 0; path = NDURLRouter.app; sourceTree = BUILT_PRODUCTS_DIR; };
		7D53EB6D1CDB24C400274D18 /* main.m */ = {isa = PBXFileReference; lastKnownFileType = sourcecode.c.objc; path = main.m; sourceTree = "<group>"; };
		7D53EB6F1CDB24C400274D18 /* AppDelegate.h */ = {isa = PBXFileReference; lastKnownFileType = sourcecode.c.h; name = AppDelegate.h; path = NDURLRouter/AppDelegate.h; sourceTree = SOURCE_ROOT; };
		7D53EB701CDB24C400274D18 /* AppDelegate.m */ = {isa = PBXFileReference; lastKnownFileType = sourcecode.c.objc; name = AppDelegate.m; path = NDURLRouter/AppDelegate.m; sourceTree = SOURCE_ROOT; };
		7D53EB761CDB24C400274D18 /* Base */ = {isa = PBXFileReference; lastKnownFileType = file.storyboard; name = Base; path = Base.lproj/Main.storyboard; sourceTree = "<group>"; };
		7D53EB781CDB24C400274D18 /* Assets.xcassets */ = {isa = PBXFileReference; lastKnownFileType = folder.assetcatalog; path = Assets.xcassets; sourceTree = "<group>"; };
		7D53EB7B1CDB24C400274D18 /* Base */ = {isa = PBXFileReference; lastKnownFileType = file.storyboard; name = Base; path = Base.lproj/LaunchScreen.storyboard; sourceTree = "<group>"; };
		7D53EB7D1CDB24C400274D18 /* Info.plist */ = {isa = PBXFileReference; lastKnownFileType = text.plist.xml; path = Info.plist; sourceTree = "<group>"; };
		7D53EB931CDB254300274D18 /* LICENSE */ = {isa = PBXFileReference; fileEncoding = 4; lastKnownFileType = text; path = LICENSE; sourceTree = "<group>"; };
		7D53EB951CDB254300274D18 /* MGJRouter.h */ = {isa = PBXFileReference; fileEncoding = 4; lastKnownFileType = sourcecode.c.h; path = MGJRouter.h; sourceTree = "<group>"; };
		7D53EB961CDB254300274D18 /* MGJRouter.m */ = {isa = PBXFileReference; fileEncoding = 4; lastKnownFileType = sourcecode.c.objc; path = MGJRouter.m; sourceTree = "<group>"; };
		7D53EB971CDB254300274D18 /* README.md */ = {isa = PBXFileReference; fileEncoding = 4; lastKnownFileType = net.daringfireball.markdown; path = README.md; sourceTree = "<group>"; };
		7D53EBA31CDB2A0C00274D18 /* NDURLConfiguration.plist */ = {isa = PBXFileReference; fileEncoding = 4; lastKnownFileType = text.plist.xml; path = NDURLConfiguration.plist; sourceTree = "<group>"; };
		7D53EBCA1CDC7EB600274D18 /* NSObject+YYModel.h */ = {isa = PBXFileReference; fileEncoding = 4; lastKnownFileType = sourcecode.c.h; path = "NSObject+YYModel.h"; sourceTree = "<group>"; };
		7D53EBCB1CDC7EB600274D18 /* NSObject+YYModel.m */ = {isa = PBXFileReference; fileEncoding = 4; lastKnownFileType = sourcecode.c.objc; path = "NSObject+YYModel.m"; sourceTree = "<group>"; };
		7D53EBCC1CDC7EB600274D18 /* YYClassInfo.h */ = {isa = PBXFileReference; fileEncoding = 4; lastKnownFileType = sourcecode.c.h; path = YYClassInfo.h; sourceTree = "<group>"; };
		7D53EBCD1CDC7EB600274D18 /* YYClassInfo.m */ = {isa = PBXFileReference; fileEncoding = 4; lastKnownFileType = sourcecode.c.objc; path = YYClassInfo.m; sourceTree = "<group>"; };
		7D53EBCE1CDC7EB600274D18 /* YYModel.h */ = {isa = PBXFileReference; fileEncoding = 4; lastKnownFileType = sourcecode.c.h; path = YYModel.h; sourceTree = "<group>"; };
		7DABB7CB1CE1C1D300CD6F36 /* SecondDemoViewController.h */ = {isa = PBXFileReference; fileEncoding = 4; lastKnownFileType = sourcecode.c.h; path = SecondDemoViewController.h; sourceTree = "<group>"; };
		7DABB7CC1CE1C1D300CD6F36 /* SecondDemoViewController.m */ = {isa = PBXFileReference; fileEncoding = 4; lastKnownFileType = sourcecode.c.objc; path = SecondDemoViewController.m; sourceTree = "<group>"; };
		7DE8667B1CE0276700CC2134 /* NDURLConfigurableInterceptor.h */ = {isa = PBXFileReference; fileEncoding = 4; lastKnownFileType = sourcecode.c.h; path = NDURLConfigurableInterceptor.h; sourceTree = "<group>"; };
		7DE8667C1CE0276700CC2134 /* NDURLConfigurableInterceptor.m */ = {isa = PBXFileReference; fileEncoding = 4; lastKnownFileType = sourcecode.c.objc; path = NDURLConfigurableInterceptor.m; sourceTree = "<group>"; };
		7DE8667D1CE0276700CC2134 /* NDURLHandler.h */ = {isa = PBXFileReference; fileEncoding = 4; lastKnownFileType = sourcecode.c.h; path = NDURLHandler.h; sourceTree = "<group>"; };
		7DE8667E1CE0276700CC2134 /* NDURLHandler.m */ = {isa = PBXFileReference; fileEncoding = 4; lastKnownFileType = sourcecode.c.objc; path = NDURLHandler.m; sourceTree = "<group>"; };
		7DE8667F1CE0276700CC2134 /* NDURLInput.h */ = {isa = PBXFileReference; fileEncoding = 4; lastKnownFileType = sourcecode.c.h; path = NDURLInput.h; sourceTree = "<group>"; };
		7DE866801CE0276700CC2134 /* NDURLInput.m */ = {isa = PBXFileReference; fileEncoding = 4; lastKnownFileType = sourcecode.c.objc; path = NDURLInput.m; sourceTree = "<group>"; };
		7DE866811CE0276700CC2134 /* NDURLInterceptor.h */ = {isa = PBXFileReference; fileEncoding = 4; lastKnownFileType = sourcecode.c.h; path = NDURLInterceptor.h; sourceTree = "<group>"; };
		7DE866821CE0276700CC2134 /* NDURLInterceptor.m */ = {isa = PBXFileReference; fileEncoding = 4; lastKnownFileType = sourcecode.c.objc; path = NDURLInterceptor.m; sourceTree = "<group>"; };
		7DE866831CE0276700CC2134 /* NDURLManager.h */ = {isa = PBXFileReference; fileEncoding = 4; lastKnownFileType = sourcecode.c.h; path = NDURLManager.h; sourceTree = "<group>"; };
		7DE866841CE0276700CC2134 /* NDURLManager.m */ = {isa = PBXFileReference; fileEncoding = 4; lastKnownFileType = sourcecode.c.objc; path = NDURLManager.m; sourceTree = "<group>"; };
		7DE866851CE0276700CC2134 /* NDURLOpenOptions.h */ = {isa = PBXFileReference; fileEncoding = 4; lastKnownFileType = sourcecode.c.h; path = NDURLOpenOptions.h; sourceTree = "<group>"; };
		7DE866861CE0276700CC2134 /* NDURLOpenOptions.m */ = {isa = PBXFileReference; fileEncoding = 4; lastKnownFileType = sourcecode.c.objc; path = NDURLOpenOptions.m; sourceTree = "<group>"; };
		7DE866871CE0276700CC2134 /* NDURLResult.h */ = {isa = PBXFileReference; fileEncoding = 4; lastKnownFileType = sourcecode.c.h; path = NDURLResult.h; sourceTree = "<group>"; };
		7DE866881CE0276700CC2134 /* NDURLResult.m */ = {isa = PBXFileReference; fileEncoding = 4; lastKnownFileType = sourcecode.c.objc; path = NDURLResult.m; sourceTree = "<group>"; };
		7DE866891CE0276700CC2134 /* NDURLRouter.h */ = {isa = PBXFileReference; fileEncoding = 4; lastKnownFileType = sourcecode.c.h; path = NDURLRouter.h; sourceTree = "<group>"; };
		7DE8668A1CE0276700CC2134 /* NDURLRouter.m */ = {isa = PBXFileReference; fileEncoding = 4; lastKnownFileType = sourcecode.c.objc; path = NDURLRouter.m; sourceTree = "<group>"; };
		7DE8668B1CE0276700CC2134 /* NDURLSupport.h */ = {isa = PBXFileReference; fileEncoding = 4; lastKnownFileType = sourcecode.c.h; path = NDURLSupport.h; sourceTree = "<group>"; };
		7DE8668C1CE0276700CC2134 /* UIViewController+NDURLRouter.h */ = {isa = PBXFileReference; fileEncoding = 4; lastKnownFileType = sourcecode.c.h; path = "UIViewController+NDURLRouter.h"; sourceTree = "<group>"; };
		7DE8668D1CE0276700CC2134 /* UIViewController+NDURLRouter.m */ = {isa = PBXFileReference; fileEncoding = 4; lastKnownFileType = sourcecode.c.objc; path = "UIViewController+NDURLRouter.m"; sourceTree = "<group>"; };
		7DE8669A1CE08A5300CC2134 /* NDURLRouterDemoTableViewController.h */ = {isa = PBXFileReference; fileEncoding = 4; lastKnownFileType = sourcecode.c.h; path = NDURLRouterDemoTableViewController.h; sourceTree = "<group>"; };
		7DE8669B1CE08A5300CC2134 /* NDURLRouterDemoTableViewController.m */ = {isa = PBXFileReference; fileEncoding = 4; lastKnownFileType = sourcecode.c.objc; path = NDURLRouterDemoTableViewController.m; sourceTree = "<group>"; };
		7DE8669E1CE08B9700CC2134 /* NormalDemoTableViewController.h */ = {isa = PBXFileReference; fileEncoding = 4; lastKnownFileType = sourcecode.c.h; path = NormalDemoTableViewController.h; sourceTree = "<group>"; };
		7DE8669F1CE08B9700CC2134 /* NormalDemoTableViewController.m */ = {isa = PBXFileReference; fileEncoding = 4; lastKnownFileType = sourcecode.c.objc; path = NormalDemoTableViewController.m; sourceTree = "<group>"; };
		7DE866A21CE08DD400CC2134 /* FirstDemoViewController.h */ = {isa = PBXFileReference; fileEncoding = 4; lastKnownFileType = sourcecode.c.h; path = FirstDemoViewController.h; sourceTree = "<group>"; };
		7DE866A31CE08DD400CC2134 /* FirstDemoViewController.m */ = {isa = PBXFileReference; fileEncoding = 4; lastKnownFileType = sourcecode.c.objc; path = FirstDemoViewController.m; sourceTree = "<group>"; };
/* End PBXFileReference section */

/* Begin PBXFrameworksBuildPhase section */
		7D53EB661CDB24C300274D18 /* Frameworks */ = {
			isa = PBXFrameworksBuildPhase;
			buildActionMask = 2147483647;
			files = (
			);
			runOnlyForDeploymentPostprocessing = 0;
		};
/* End PBXFrameworksBuildPhase section */

/* Begin PBXGroup section */
		7D53EB601CDB24C300274D18 = {
			isa = PBXGroup;
			children = (
				7D53EB6B1CDB24C300274D18 /* NDURLRouter */,
				7D53EB6A1CDB24C300274D18 /* Products */,
			);
			sourceTree = "<group>";
		};
		7D53EB6A1CDB24C300274D18 /* Products */ = {
			isa = PBXGroup;
			children = (
				7D53EB691CDB24C300274D18 /* NDURLRouter.app */,
			);
			name = Products;
			sourceTree = "<group>";
		};
		7D53EB6B1CDB24C300274D18 /* NDURLRouter */ = {
			isa = PBXGroup;
			children = (
				7D53EB9B1CDB256D00274D18 /* App */,
				7DE8669D1CE08B7A00CC2134 /* Demo */,
				7D53EB9C1CDB259B00274D18 /* NDURLRouter */,
				7D53EB911CDB254300274D18 /* Vendor */,
				7D53EB6C1CDB24C400274D18 /* Supporting Files */,
			);
			path = NDURLRouter;
			sourceTree = "<group>";
		};
		7D53EB6C1CDB24C400274D18 /* Supporting Files */ = {
			isa = PBXGroup;
			children = (
				7D53EBA31CDB2A0C00274D18 /* NDURLConfiguration.plist */,
				7D53EB751CDB24C400274D18 /* Main.storyboard */,
				7D53EB781CDB24C400274D18 /* Assets.xcassets */,
				7D53EB7A1CDB24C400274D18 /* LaunchScreen.storyboard */,
				7D53EB7D1CDB24C400274D18 /* Info.plist */,
				7D53EB6D1CDB24C400274D18 /* main.m */,
			);
			name = "Supporting Files";
			sourceTree = "<group>";
		};
		7D53EB911CDB254300274D18 /* Vendor */ = {
			isa = PBXGroup;
			children = (
				7D53EBC91CDC7EB600274D18 /* YYModel */,
				7D53EB921CDB254300274D18 /* MGJRouter */,
			);
			path = Vendor;
			sourceTree = "<group>";
		};
		7D53EB921CDB254300274D18 /* MGJRouter */ = {
			isa = PBXGroup;
			children = (
				7D53EB931CDB254300274D18 /* LICENSE */,
				7D53EB941CDB254300274D18 /* MGJRouter */,
				7D53EB971CDB254300274D18 /* README.md */,
			);
			path = MGJRouter;
			sourceTree = "<group>";
		};
		7D53EB941CDB254300274D18 /* MGJRouter */ = {
			isa = PBXGroup;
			children = (
				7D53EB951CDB254300274D18 /* MGJRouter.h */,
				7D53EB961CDB254300274D18 /* MGJRouter.m */,
			);
			path = MGJRouter;
			sourceTree = "<group>";
		};
		7D53EB9B1CDB256D00274D18 /* App */ = {
			isa = PBXGroup;
			children = (
				7D53EB6F1CDB24C400274D18 /* AppDelegate.h */,
				7D53EB701CDB24C400274D18 /* AppDelegate.m */,
				7DE8669A1CE08A5300CC2134 /* NDURLRouterDemoTableViewController.h */,
				7DE8669B1CE08A5300CC2134 /* NDURLRouterDemoTableViewController.m */,
			);
			path = App;
			sourceTree = "<group>";
		};
		7D53EB9C1CDB259B00274D18 /* NDURLRouter */ = {
			isa = PBXGroup;
			children = (
				7DE8667B1CE0276700CC2134 /* NDURLConfigurableInterceptor.h */,
				7DE8667C1CE0276700CC2134 /* NDURLConfigurableInterceptor.m */,
				7DE8667D1CE0276700CC2134 /* NDURLHandler.h */,
				7DE8667E1CE0276700CC2134 /* NDURLHandler.m */,
				7DE8667F1CE0276700CC2134 /* NDURLInput.h */,
				7DE866801CE0276700CC2134 /* NDURLInput.m */,
				7DE866811CE0276700CC2134 /* NDURLInterceptor.h */,
				7DE866821CE0276700CC2134 /* NDURLInterceptor.m */,
				7DE866831CE0276700CC2134 /* NDURLManager.h */,
				7DE866841CE0276700CC2134 /* NDURLManager.m */,
				7DE866851CE0276700CC2134 /* NDURLOpenOptions.h */,
				7DE866861CE0276700CC2134 /* NDURLOpenOptions.m */,
				7DE866881CE0276700CC2134 /* NDURLResult.m */,
				7DE866891CE0276700CC2134 /* NDURLRouter.h */,
				7DE8668A1CE0276700CC2134 /* NDURLRouter.m */,
				7DE866871CE0276700CC2134 /* NDURLResult.h */,
				7DE8668B1CE0276700CC2134 /* NDURLSupport.h */,
				7DE8668C1CE0276700CC2134 /* UIViewController+NDURLRouter.h */,
				7DE8668D1CE0276700CC2134 /* UIViewController+NDURLRouter.m */,
			);
			path = NDURLRouter;
			sourceTree = "<group>";
		};
		7D53EBC91CDC7EB600274D18 /* YYModel */ = {
			isa = PBXGroup;
			children = (
				7D53EBCA1CDC7EB600274D18 /* NSObject+YYModel.h */,
				7D53EBCB1CDC7EB600274D18 /* NSObject+YYModel.m */,
				7D53EBCC1CDC7EB600274D18 /* YYClassInfo.h */,
				7D53EBCD1CDC7EB600274D18 /* YYClassInfo.m */,
				7D53EBCE1CDC7EB600274D18 /* YYModel.h */,
			);
			path = YYModel;
			sourceTree = "<group>";
		};
		7DE8669D1CE08B7A00CC2134 /* Demo */ = {
			isa = PBXGroup;
			children = (
				7DE8669E1CE08B9700CC2134 /* NormalDemoTableViewController.h */,
				7DE8669F1CE08B9700CC2134 /* NormalDemoTableViewController.m */,
				7DE866A11CE08DB800CC2134 /* NormalDemo */,
			);
			path = Demo;
			sourceTree = "<group>";
		};
		7DE866A11CE08DB800CC2134 /* NormalDemo */ = {
			isa = PBXGroup;
			children = (
				7DE866A21CE08DD400CC2134 /* FirstDemoViewController.h */,
				7DE866A31CE08DD400CC2134 /* FirstDemoViewController.m */,
				7DABB7CB1CE1C1D300CD6F36 /* SecondDemoViewController.h */,
				7DABB7CC1CE1C1D300CD6F36 /* SecondDemoViewController.m */,
			);
			name = NormalDemo;
			sourceTree = "<group>";
		};
/* End PBXGroup section */

/* Begin PBXNativeTarget section */
		7D53EB681CDB24C300274D18 /* NDURLRouter */ = {
			isa = PBXNativeTarget;
			buildConfigurationList = 7D53EB8B1CDB24C400274D18 /* Build configuration list for PBXNativeTarget "NDURLRouter" */;
			buildPhases = (
				7D53EB651CDB24C300274D18 /* Sources */,
				7D53EB661CDB24C300274D18 /* Frameworks */,
				7D53EB671CDB24C300274D18 /* Resources */,
			);
			buildRules = (
			);
			dependencies = (
			);
			name = NDURLRouter;
			productName = NDURLRouter;
			productReference = 7D53EB691CDB24C300274D18 /* NDURLRouter.app */;
			productType = "com.apple.product-type.application";
		};
/* End PBXNativeTarget section */

/* Begin PBXProject section */
		7D53EB611CDB24C300274D18 /* Project object */ = {
			isa = PBXProject;
			attributes = {
				LastUpgradeCheck = 0730;
				ORGANIZATIONNAME = NDEducation;
				TargetAttributes = {
					7D53EB681CDB24C300274D18 = {
						CreatedOnToolsVersion = 7.3;
					};
				};
			};
			buildConfigurationList = 7D53EB641CDB24C300274D18 /* Build configuration list for PBXProject "NDURLRouter" */;
			compatibilityVersion = "Xcode 3.2";
			developmentRegion = English;
			hasScannedForEncodings = 0;
			knownRegions = (
				en,
				Base,
			);
			mainGroup = 7D53EB601CDB24C300274D18;
			productRefGroup = 7D53EB6A1CDB24C300274D18 /* Products */;
			projectDirPath = "";
			projectRoot = "";
			targets = (
				7D53EB681CDB24C300274D18 /* NDURLRouter */,
			);
		};
/* End PBXProject section */

/* Begin PBXResourcesBuildPhase section */
		7D53EB671CDB24C300274D18 /* Resources */ = {
			isa = PBXResourcesBuildPhase;
			buildActionMask = 2147483647;
			files = (
				7D53EB7C1CDB24C400274D18 /* LaunchScreen.storyboard in Resources */,
				7D53EB791CDB24C400274D18 /* Assets.xcassets in Resources */,
				7D53EB981CDB254300274D18 /* LICENSE in Resources */,
				7D53EBA41CDB2A0C00274D18 /* NDURLConfiguration.plist in Resources */,
				7D53EB771CDB24C400274D18 /* Main.storyboard in Resources */,
			);
			runOnlyForDeploymentPostprocessing = 0;
		};
/* End PBXResourcesBuildPhase section */

/* Begin PBXSourcesBuildPhase section */
		7D53EB651CDB24C300274D18 /* Sources */ = {
			isa = PBXSourcesBuildPhase;
			buildActionMask = 2147483647;
			files = (
				7DE8668F1CE0276700CC2134 /* NDURLHandler.m in Sources */,
				7DE866921CE0276700CC2134 /* NDURLManager.m in Sources */,
				7DE866A01CE08B9700CC2134 /* NormalDemoTableViewController.m in Sources */,
				7DE8669C1CE08A5300CC2134 /* NDURLRouterDemoTableViewController.m in Sources */,
				7DE866931CE0276700CC2134 /* NDURLOpenOptions.m in Sources */,
				7D53EBCF1CDC7EB600274D18 /* NSObject+YYModel.m in Sources */,
				7DE866901CE0276700CC2134 /* NDURLInput.m in Sources */,
				7DE866911CE0276700CC2134 /* NDURLInterceptor.m in Sources */,
				7D53EB991CDB254300274D18 /* MGJRouter.m in Sources */,
				7D53EB9A1CDB254300274D18 /* README.md in Sources */,
				7DE866A41CE08DD400CC2134 /* FirstDemoViewController.m in Sources */,
				7DE866961CE0276700CC2134 /* UIViewController+NDURLRouter.m in Sources */,
				7DE8668E1CE0276700CC2134 /* NDURLConfigurableInterceptor.m in Sources */,
				7D53EB711CDB24C400274D18 /* AppDelegate.m in Sources */,
				7D53EB6E1CDB24C400274D18 /* main.m in Sources */,
				7D53EBD01CDC7EB600274D18 /* YYClassInfo.m in Sources */,
				7DE866951CE0276700CC2134 /* NDURLRouter.m in Sources */,
				7DE866941CE0276700CC2134 /* NDURLResult.m in Sources */,
				7DABB7CD1CE1C1D300CD6F36 /* SecondDemoViewController.m in Sources */,
			);
			runOnlyForDeploymentPostprocessing = 0;
		};
/* End PBXSourcesBuildPhase section */

/* Begin PBXVariantGroup section */
		7D53EB751CDB24C400274D18 /* Main.storyboard */ = {
			isa = PBXVariantGroup;
			children = (
				7D53EB761CDB24C400274D18 /* Base */,
			);
			name = Main.storyboard;
			sourceTree = "<group>";
		};
		7D53EB7A1CDB24C400274D18 /* LaunchScreen.storyboard */ = {
			isa = PBXVariantGroup;
			children = (
				7D53EB7B1CDB24C400274D18 /* Base */,
			);
			name = LaunchScreen.storyboard;
			sourceTree = "<group>";
		};
/* End PBXVariantGroup section */

/* Begin XCBuildConfiguration section */
		7D53EB891CDB24C400274D18 /* Debug */ = {
			isa = XCBuildConfiguration;
			buildSettings = {
				ALWAYS_SEARCH_USER_PATHS = NO;
				CLANG_ANALYZER_NONNULL = YES;
				CLANG_CXX_LANGUAGE_STANDARD = "gnu++0x";
				CLANG_CXX_LIBRARY = "libc++";
				CLANG_ENABLE_MODULES = YES;
				CLANG_ENABLE_OBJC_ARC = YES;
				CLANG_WARN_BOOL_CONVERSION = YES;
				CLANG_WARN_CONSTANT_CONVERSION = YES;
				CLANG_WARN_DIRECT_OBJC_ISA_USAGE = YES_ERROR;
				CLANG_WARN_EMPTY_BODY = YES;
				CLANG_WARN_ENUM_CONVERSION = YES;
				CLANG_WARN_INT_CONVERSION = YES;
				CLANG_WARN_OBJC_ROOT_CLASS = YES_ERROR;
				CLANG_WARN_UNREACHABLE_CODE = YES;
				CLANG_WARN__DUPLICATE_METHOD_MATCH = YES;
				"CODE_SIGN_IDENTITY[sdk=iphoneos*]" = "iPhone Developer";
				COPY_PHASE_STRIP = NO;
				DEBUG_INFORMATION_FORMAT = dwarf;
				ENABLE_STRICT_OBJC_MSGSEND = YES;
				ENABLE_TESTABILITY = YES;
				GCC_C_LANGUAGE_STANDARD = gnu99;
				GCC_DYNAMIC_NO_PIC = NO;
				GCC_NO_COMMON_BLOCKS = YES;
				GCC_OPTIMIZATION_LEVEL = 0;
				GCC_PREPROCESSOR_DEFINITIONS = (
					"DEBUG=1",
					"$(inherited)",
				);
				GCC_WARN_64_TO_32_BIT_CONVERSION = YES;
				GCC_WARN_ABOUT_RETURN_TYPE = YES_ERROR;
				GCC_WARN_UNDECLARED_SELECTOR = YES;
				GCC_WARN_UNINITIALIZED_AUTOS = YES_AGGRESSIVE;
				GCC_WARN_UNUSED_FUNCTION = YES;
				GCC_WARN_UNUSED_VARIABLE = YES;
				IPHONEOS_DEPLOYMENT_TARGET = 9.3;
				MTL_ENABLE_DEBUG_INFO = YES;
				ONLY_ACTIVE_ARCH = YES;
				SDKROOT = iphoneos;
				TARGETED_DEVICE_FAMILY = "1,2";
			};
			name = Debug;
		};
		7D53EB8A1CDB24C400274D18 /* Release */ = {
			isa = XCBuildConfiguration;
			buildSettings = {
				ALWAYS_SEARCH_USER_PATHS = NO;
				CLANG_ANALYZER_NONNULL = YES;
				CLANG_CXX_LANGUAGE_STANDARD = "gnu++0x";
				CLANG_CXX_LIBRARY = "libc++";
				CLANG_ENABLE_MODULES = YES;
				CLANG_ENABLE_OBJC_ARC = YES;
				CLANG_WARN_BOOL_CONVERSION = YES;
				CLANG_WARN_CONSTANT_CONVERSION = YES;
				CLANG_WARN_DIRECT_OBJC_ISA_USAGE = YES_ERROR;
				CLANG_WARN_EMPTY_BODY = YES;
				CLANG_WARN_ENUM_CONVERSION = YES;
				CLANG_WARN_INT_CONVERSION = YES;
				CLANG_WARN_OBJC_ROOT_CLASS = YES_ERROR;
				CLANG_WARN_UNREACHABLE_CODE = YES;
				CLANG_WARN__DUPLICATE_METHOD_MATCH = YES;
				"CODE_SIGN_IDENTITY[sdk=iphoneos*]" = "iPhone Developer";
				COPY_PHASE_STRIP = NO;
				DEBUG_INFORMATION_FORMAT = "dwarf-with-dsym";
				ENABLE_NS_ASSERTIONS = NO;
				ENABLE_STRICT_OBJC_MSGSEND = YES;
				GCC_C_LANGUAGE_STANDARD = gnu99;
				GCC_NO_COMMON_BLOCKS = YES;
				GCC_WARN_64_TO_32_BIT_CONVERSION = YES;
				GCC_WARN_ABOUT_RETURN_TYPE = YES_ERROR;
				GCC_WARN_UNDECLARED_SELECTOR = YES;
				GCC_WARN_UNINITIALIZED_AUTOS = YES_AGGRESSIVE;
				GCC_WARN_UNUSED_FUNCTION = YES;
				GCC_WARN_UNUSED_VARIABLE = YES;
				IPHONEOS_DEPLOYMENT_TARGET = 9.3;
				MTL_ENABLE_DEBUG_INFO = NO;
				SDKROOT = iphoneos;
				TARGETED_DEVICE_FAMILY = "1,2";
				VALIDATE_PRODUCT = YES;
			};
			name = Release;
		};
		7D53EB8C1CDB24C400274D18 /* Debug */ = {
			isa = XCBuildConfiguration;
			buildSettings = {
				ASSETCATALOG_COMPILER_APPICON_NAME = AppIcon;
				INFOPLIST_FILE = NDURLRouter/Info.plist;
				LD_RUNPATH_SEARCH_PATHS = "$(inherited) @executable_path/Frameworks";
				PRODUCT_BUNDLE_IDENTIFIER = com.education.nd.NDURLRouter;
				PRODUCT_NAME = "$(TARGET_NAME)";
			};
			name = Debug;
		};
		7D53EB8D1CDB24C400274D18 /* Release */ = {
			isa = XCBuildConfiguration;
			buildSettings = {
				ASSETCATALOG_COMPILER_APPICON_NAME = AppIcon;
				INFOPLIST_FILE = NDURLRouter/Info.plist;
				LD_RUNPATH_SEARCH_PATHS = "$(inherited) @executable_path/Frameworks";
				PRODUCT_BUNDLE_IDENTIFIER = com.education.nd.NDURLRouter;
				PRODUCT_NAME = "$(TARGET_NAME)";
			};
			name = Release;
		};
/* End XCBuildConfiguration section */

/* Begin XCConfigurationList section */
		7D53EB641CDB24C300274D18 /* Build configuration list for PBXProject "NDURLRouter" */ = {
			isa = XCConfigurationList;
			buildConfigurations = (
				7D53EB891CDB24C400274D18 /* Debug */,
				7D53EB8A1CDB24C400274D18 /* Release */,
			);
			defaultConfigurationIsVisible = 0;
			defaultConfigurationName = Release;
		};
		7D53EB8B1CDB24C400274D18 /* Build configuration list for PBXNativeTarget "NDURLRouter" */ = {
			isa = XCConfigurationList;
			buildConfigurations = (
				7D53EB8C1CDB24C400274D18 /* Debug */,
				7D53EB8D1CDB24C400274D18 /* Release */,
			);
			defaultConfigurationIsVisible = 0;
			defaultConfigurationName = Release;
		};
/* End XCConfigurationList section */
	};
	rootObject = 7D53EB611CDB24C300274D18 /* Project object */;
}
